
Microsoft Visual Studio Solution File, Format Version 12.00
# Visual Studio Version 17
VisualStudioVersion = 17.13.35825.156 d17.13
MinimumVisualStudioVersion = 10.0.40219.1
Project("{FAE04EC0-301F-11D3-BF4B-00C04F79EFBC}") = "Project", "Project\Project.csproj", "{C0E9EEE8-D774-49D3-A22A-2EDC3F1E83D0}"
EndProject
Global
	GlobalSection(SolutionConfigurationPlatforms) = preSolution
		Debug|Any CPU = Debug|Any CPU
		Release|Any CPU = Release|Any CPU
	EndGlobalSection
	GlobalSection(ProjectConfigurationPlatforms) = postSolution
		{C0E9EEE8-D774-49D3-A22A-2EDC3F1E83D0}.Debug|Any CPU.ActiveCfg = Debug|Any CPU
		{C0E9EEE8-D774-49D3-A22A-2EDC3F1E83D0}.Debug|Any CPU.Build.0 = Debug|Any CPU
		{C0E9EEE8-D774-49D3-A22A-2EDC3F1E83D0}.Release|Any CPU.ActiveCfg = Release|Any CPU
		{C0E9EEE8-D774-49D3-A22A-2EDC3F1E83D0}.Release|Any CPU.Build.0 = Release|Any CPU
	EndGlobalSection
	GlobalSection(SolutionProperties) = preSolution
		HideSolutionNode = FALSE
	EndGlobalSection
	GlobalSection(ExtensibilityGlobals) = postSolution
		SolutionGuid = {402E19F2-769A-490E-ADFB-5B1B82B6E8EA}
	EndGlobalSection
EndGlobal
